
Microsoft Visual Studio Solution File, Format Version 12.00
Project("{FAE04EC0-301F-11D3-BF4B-00C04F79EFBC}") = "Duck", "Duck\Duck.csproj", "{119AB42E-5775-4870-A6BC-F03FCBE0644D}"
EndProject
Project("{FAE04EC0-301F-11D3-BF4B-00C04F79EFBC}") = "WeatherStation", "WeatherStation\WeatherStation.csproj", "{82B21A4B-63E1-4198-AB9E-CA3E42BB97AB}"
EndProject
Project("{FAE04EC0-301F-11D3-BF4B-00C04F79EFBC}") = "WeatherStationBuiltInObserver", "WeatherStationBuiltInObserver\WeatherStationBuiltInObserver.csproj", "{BB363FA6-F205-443C-A2C3-C4CC8665D913}"
EndProject
Project("{FAE04EC0-301F-11D3-BF4B-00C04F79EFBC}") = "StarBuzz", "StarBuzz\StarBuzz.csproj", "{033B3646-79E7-4FAD-91B6-02816124C105}"
EndProject
Global
	GlobalSection(SolutionConfigurationPlatforms) = preSolution
		Debug|Any CPU = Debug|Any CPU
		Release|Any CPU = Release|Any CPU
	EndGlobalSection
	GlobalSection(ProjectConfigurationPlatforms) = postSolution
		{119AB42E-5775-4870-A6BC-F03FCBE0644D}.Debug|Any CPU.ActiveCfg = Debug|Any CPU
		{119AB42E-5775-4870-A6BC-F03FCBE0644D}.Debug|Any CPU.Build.0 = Debug|Any CPU
		{119AB42E-5775-4870-A6BC-F03FCBE0644D}.Release|Any CPU.ActiveCfg = Release|Any CPU
		{119AB42E-5775-4870-A6BC-F03FCBE0644D}.Release|Any CPU.Build.0 = Release|Any CPU
		{82B21A4B-63E1-4198-AB9E-CA3E42BB97AB}.Debug|Any CPU.ActiveCfg = Debug|Any CPU
		{82B21A4B-63E1-4198-AB9E-CA3E42BB97AB}.Debug|Any CPU.Build.0 = Debug|Any CPU
		{82B21A4B-63E1-4198-AB9E-CA3E42BB97AB}.Release|Any CPU.ActiveCfg = Release|Any CPU
		{82B21A4B-63E1-4198-AB9E-CA3E42BB97AB}.Release|Any CPU.Build.0 = Release|Any CPU
		{BB363FA6-F205-443C-A2C3-C4CC8665D913}.Debug|Any CPU.ActiveCfg = Debug|Any CPU
		{BB363FA6-F205-443C-A2C3-C4CC8665D913}.Debug|Any CPU.Build.0 = Debug|Any CPU
		{BB363FA6-F205-443C-A2C3-C4CC8665D913}.Release|Any CPU.ActiveCfg = Release|Any CPU
		{BB363FA6-F205-443C-A2C3-C4CC8665D913}.Release|Any CPU.Build.0 = Release|Any CPU
		{033B3646-79E7-4FAD-91B6-02816124C105}.Debug|Any CPU.ActiveCfg = Debug|Any CPU
		{033B3646-79E7-4FAD-91B6-02816124C105}.Debug|Any CPU.Build.0 = Debug|Any CPU
		{033B3646-79E7-4FAD-91B6-02816124C105}.Release|Any CPU.ActiveCfg = Release|Any CPU
		{033B3646-79E7-4FAD-91B6-02816124C105}.Release|Any CPU.Build.0 = Release|Any CPU
	EndGlobalSection
EndGlobal
